
Microsoft Visual Studio Solution File, Format Version 12.00
# Visual Studio 15
Project("{FAE04EC0-301F-11D3-BF4B-00C04F79EFBC}") = "GeneticAlgorithm", "GeneticAlgorithm\GeneticAlgorithm.csproj", "{6A80B0A3-CCCD-4A29-B313-497736248A0D}"
EndProject
Project("{FAE04EC0-301F-11D3-BF4B-00C04F79EFBC}") = "ConsoleTest", "ConsoleTest\ConsoleTest.csproj", "{302B192D-E334-4EF8-8066-64797E45088E}"
EndProject
Global
	GlobalSection(SolutionConfigurationPlatforms) = preSolution
		Debug|Any CPU = Debug|Any CPU
		Release|Any CPU = Release|Any CPU
	EndGlobalSection
	GlobalSection(ProjectConfigurationPlatforms) = postSolution
		{6A80B0A3-CCCD-4A29-B313-497736248A0D}.Debug|Any CPU.ActiveCfg = Debug|Any CPU
		{6A80B0A3-CCCD-4A29-B313-497736248A0D}.Debug|Any CPU.Build.0 = Debug|Any CPU
		{6A80B0A3-CCCD-4A29-B313-497736248A0D}.Release|Any CPU.ActiveCfg = Release|Any CPU
		{6A80B0A3-CCCD-4A29-B313-497736248A0D}.Release|Any CPU.Build.0 = Release|Any CPU
		{302B192D-E334-4EF8-8066-64797E45088E}.Debug|Any CPU.ActiveCfg = Debug|Any CPU
		{302B192D-E334-4EF8-8066-64797E45088E}.Debug|Any CPU.Build.0 = Debug|Any CPU
		{302B192D-E334-4EF8-8066-64797E45088E}.Release|Any CPU.ActiveCfg = Release|Any CPU
		{302B192D-E334-4EF8-8066-64797E45088E}.Release|Any CPU.Build.0 = Release|Any CPU
	EndGlobalSection
EndGlobal
